
Microsoft Visual Studio Solution File, Format Version 12.00
# Visual Studio Version 16
VisualStudioVersion = 16.0.31727.386
MinimumVisualStudioVersion = 10.0.40219.1
Project("{FAE04EC0-301F-11D3-BF4B-00C04F79EFBC}") = "BowlingGame", "BowlingGame.csproj", "{1867277F-2CA5-495F-9DE6-B381D76D22AC}"
EndProject
Project("{FAE04EC0-301F-11D3-BF4B-00C04F79EFBC}") = "BowlingGame.Business", "..\BowlingGame.Business\BowlingGame.Business.csproj", "{9FAA2498-2329-4327-B37A-6FB609BFFAE1}"
EndProject
Project("{FAE04EC0-301F-11D3-BF4B-00C04F79EFBC}") = "BowlingGame.Test", "..\BowlingGame.Test\BowlingGame.Test.csproj", "{5C8F6350-8A44-4E92-9E72-52ADBB901E83}"
EndProject
Global
	GlobalSection(SolutionConfigurationPlatforms) = preSolution
		Debug|Any CPU = Debug|Any CPU
		Release|Any CPU = Release|Any CPU
	EndGlobalSection
	GlobalSection(ProjectConfigurationPlatforms) = postSolution
		{1867277F-2CA5-495F-9DE6-B381D76D22AC}.Debug|Any CPU.ActiveCfg = Debug|Any CPU
		{1867277F-2CA5-495F-9DE6-B381D76D22AC}.Debug|Any CPU.Build.0 = Debug|Any CPU
		{1867277F-2CA5-495F-9DE6-B381D76D22AC}.Release|Any CPU.ActiveCfg = Release|Any CPU
		{1867277F-2CA5-495F-9DE6-B381D76D22AC}.Release|Any CPU.Build.0 = Release|Any CPU
		{9FAA2498-2329-4327-B37A-6FB609BFFAE1}.Debug|Any CPU.ActiveCfg = Debug|Any CPU
		{9FAA2498-2329-4327-B37A-6FB609BFFAE1}.Debug|Any CPU.Build.0 = Debug|Any CPU
		{9FAA2498-2329-4327-B37A-6FB609BFFAE1}.Release|Any CPU.ActiveCfg = Release|Any CPU
		{9FAA2498-2329-4327-B37A-6FB609BFFAE1}.Release|Any CPU.Build.0 = Release|Any CPU
		{5C8F6350-8A44-4E92-9E72-52ADBB901E83}.Debug|Any CPU.ActiveCfg = Debug|Any CPU
		{5C8F6350-8A44-4E92-9E72-52ADBB901E83}.Debug|Any CPU.Build.0 = Debug|Any CPU
		{5C8F6350-8A44-4E92-9E72-52ADBB901E83}.Release|Any CPU.ActiveCfg = Release|Any CPU
		{5C8F6350-8A44-4E92-9E72-52ADBB901E83}.Release|Any CPU.Build.0 = Release|Any CPU
	EndGlobalSection
	GlobalSection(SolutionProperties) = preSolution
		HideSolutionNode = FALSE
	EndGlobalSection
	GlobalSection(ExtensibilityGlobals) = postSolution
		SolutionGuid = {3903B03B-4950-4E77-A830-29F2E0A3B2E0}
	EndGlobalSection
EndGlobal
